
Microsoft Visual Studio Solution File, Format Version 12.00
# Visual Studio Version 17
VisualStudioVersion = 17.2.32630.192
MinimumVisualStudioVersion = 10.0.40219.1
Project("{2150E333-8FDC-42A3-9474-1A3956D46DE8}") = "src", "src", "{A5A64321-0072-4F12-9CC3-4F2DCABB8607}"
EndProject
Project("{2150E333-8FDC-42A3-9474-1A3956D46DE8}") = "test", "test", "{30192542-1B8E-4CCA-B034-FE90422747EF}"
EndProject
Project("{9A19103F-16F7-4668-BE54-9A1E7A4F7556}") = "CommandAPI", "src\CommandAPI\CommandAPI.csproj", "{F858E02E-BF5B-41A7-9645-56CEB0159BB5}"
EndProject
Project("{9A19103F-16F7-4668-BE54-9A1E7A4F7556}") = "CommandAPI.Tests", "test\CommandAPI.Tests\CommandAPI.Tests.csproj", "{528A67DC-5F8D-4F5B-A45E-8CD9E6680F97}"
EndProject
Global
	GlobalSection(SolutionConfigurationPlatforms) = preSolution
		Debug|Any CPU = Debug|Any CPU
		Release|Any CPU = Release|Any CPU
	EndGlobalSection
	GlobalSection(ProjectConfigurationPlatforms) = postSolution
		{F858E02E-BF5B-41A7-9645-56CEB0159BB5}.Debug|Any CPU.ActiveCfg = Debug|Any CPU
		{F858E02E-BF5B-41A7-9645-56CEB0159BB5}.Debug|Any CPU.Build.0 = Debug|Any CPU
		{F858E02E-BF5B-41A7-9645-56CEB0159BB5}.Release|Any CPU.ActiveCfg = Release|Any CPU
		{F858E02E-BF5B-41A7-9645-56CEB0159BB5}.Release|Any CPU.Build.0 = Release|Any CPU
		{528A67DC-5F8D-4F5B-A45E-8CD9E6680F97}.Debug|Any CPU.ActiveCfg = Debug|Any CPU
		{528A67DC-5F8D-4F5B-A45E-8CD9E6680F97}.Debug|Any CPU.Build.0 = Debug|Any CPU
		{528A67DC-5F8D-4F5B-A45E-8CD9E6680F97}.Release|Any CPU.ActiveCfg = Release|Any CPU
		{528A67DC-5F8D-4F5B-A45E-8CD9E6680F97}.Release|Any CPU.Build.0 = Release|Any CPU
	EndGlobalSection
	GlobalSection(SolutionProperties) = preSolution
		HideSolutionNode = FALSE
	EndGlobalSection
	GlobalSection(NestedProjects) = preSolution
		{F858E02E-BF5B-41A7-9645-56CEB0159BB5} = {A5A64321-0072-4F12-9CC3-4F2DCABB8607}
		{528A67DC-5F8D-4F5B-A45E-8CD9E6680F97} = {30192542-1B8E-4CCA-B034-FE90422747EF}
	EndGlobalSection
	GlobalSection(ExtensibilityGlobals) = postSolution
		SolutionGuid = {A6BA637F-0819-495A-AA1D-C03B8D4D31CC}
	EndGlobalSection
EndGlobal
