
Microsoft Visual Studio Solution File, Format Version 12.00
# Visual Studio Version 17
VisualStudioVersion = 17.2.32630.192
MinimumVisualStudioVersion = 10.0.40219.1
Project("{2150E333-8FDC-42A3-9474-1A3956D46DE8}") = "src", "src", "{A5A64321-0072-4F12-9CC3-4F2DCABB8607}"
EndProject
Project("{2150E333-8FDC-42A3-9474-1A3956D46DE8}") = "test", "test", "{30192542-1B8E-4CCA-B034-FE90422747EF}"
EndProject
Project("{FAE04EC0-301F-11D3-BF4B-00C04F79EFBC}") = "CommandAPI", "CommandAPI\CommandAPI.csproj", "{25BDD8CB-7E60-4F7C-918E-8ED967FAF795}"
EndProject
Project("{FAE04EC0-301F-11D3-BF4B-00C04F79EFBC}") = "CommandAPI.Tests", "CommandAPI.Tests\CommandAPI.Tests.csproj", "{DF5D7F3E-6AAE-49FD-B674-3AB3D7431CEF}"
EndProject
Global
	GlobalSection(SolutionConfigurationPlatforms) = preSolution
		Debug|Any CPU = Debug|Any CPU
		Release|Any CPU = Release|Any CPU
	EndGlobalSection
	GlobalSection(ProjectConfigurationPlatforms) = postSolution
		{25BDD8CB-7E60-4F7C-918E-8ED967FAF795}.Debug|Any CPU.ActiveCfg = Debug|Any CPU
		{25BDD8CB-7E60-4F7C-918E-8ED967FAF795}.Debug|Any CPU.Build.0 = Debug|Any CPU
		{25BDD8CB-7E60-4F7C-918E-8ED967FAF795}.Release|Any CPU.ActiveCfg = Release|Any CPU
		{25BDD8CB-7E60-4F7C-918E-8ED967FAF795}.Release|Any CPU.Build.0 = Release|Any CPU
		{DF5D7F3E-6AAE-49FD-B674-3AB3D7431CEF}.Debug|Any CPU.ActiveCfg = Debug|Any CPU
		{DF5D7F3E-6AAE-49FD-B674-3AB3D7431CEF}.Debug|Any CPU.Build.0 = Debug|Any CPU
		{DF5D7F3E-6AAE-49FD-B674-3AB3D7431CEF}.Release|Any CPU.ActiveCfg = Release|Any CPU
		{DF5D7F3E-6AAE-49FD-B674-3AB3D7431CEF}.Release|Any CPU.Build.0 = Release|Any CPU
	EndGlobalSection
	GlobalSection(SolutionProperties) = preSolution
		HideSolutionNode = FALSE
	EndGlobalSection
	GlobalSection(NestedProjects) = preSolution
		{25BDD8CB-7E60-4F7C-918E-8ED967FAF795} = {A5A64321-0072-4F12-9CC3-4F2DCABB8607}
		{DF5D7F3E-6AAE-49FD-B674-3AB3D7431CEF} = {30192542-1B8E-4CCA-B034-FE90422747EF}
	EndGlobalSection
	GlobalSection(ExtensibilityGlobals) = postSolution
		SolutionGuid = {A6BA637F-0819-495A-AA1D-C03B8D4D31CC}
	EndGlobalSection
EndGlobal
